// !$*UTF8*$!
{
	archiveVersion = 1;
	classes = {
	};
	objectVersion = 55;
	objects = {

/* Begin PBXBuildFile section */
		9827E07627A6C44000705731 /* zhihu_hot.js in Resources */ = {isa = PBXBuildFile; fileRef = 9827E07527A6C44000705731 /* zhihu_hot.js */; };
		98288A7F27A66BF10020AEE3 /* AppDelegate.swift in Sources */ = {isa = PBXBuildFile; fileRef = 98288A7E27A66BF10020AEE3 /* AppDelegate.swift */; };
		98288A8327A66BF10020AEE3 /* Main.html in Resources */ = {isa = PBXBuildFile; fileRef = 98288A8127A66BF10020AEE3 /* Main.html */; };
		98288A8527A66BF10020AEE3 /* Icon.png in Resources */ = {isa = PBXBuildFile; fileRef = 98288A8427A66BF10020AEE3 /* Icon.png */; };
		98288A8727A66BF10020AEE3 /* Style.css in Resources */ = {isa = PBXBuildFile; fileRef = 98288A8627A66BF10020AEE3 /* Style.css */; };
		98288A8927A66BF10020AEE3 /* SceneDelegate.swift in Sources */ = {isa = PBXBuildFile; fileRef = 98288A8827A66BF10020AEE3 /* SceneDelegate.swift */; };
		98288A8B27A66BF10020AEE3 /* ViewController.swift in Sources */ = {isa = PBXBuildFile; fileRef = 98288A8A27A66BF10020AEE3 /* ViewController.swift */; };
		98288A8E27A66BF10020AEE3 /* LaunchScreen.storyboard in Resources */ = {isa = PBXBuildFile; fileRef = 98288A8C27A66BF10020AEE3 /* LaunchScreen.storyboard */; };
		98288A9127A66BF10020AEE3 /* Main.storyboard in Resources */ = {isa = PBXBuildFile; fileRef = 98288A8F27A66BF10020AEE3 /* Main.storyboard */; };
		98288A9927A66BF30020AEE3 /* Peach-Blossom_Source_Mobile Extension.appex in Embed App Extensions */ = {isa = PBXBuildFile; fileRef = 98288A9827A66BF30020AEE3 /* Peach-Blossom_Source_Mobile Extension.appex */; settings = {ATTRIBUTES = (RemoveHeadersOnCopy, ); }; };
		98288A9E27A66BF30020AEE3 /* SafariWebExtensionHandler.swift in Sources */ = {isa = PBXBuildFile; fileRef = 98288A9D27A66BF30020AEE3 /* SafariWebExtensionHandler.swift */; };
		98288AA127A66BF30020AEE3 /* _locales in Resources */ = {isa = PBXBuildFile; fileRef = 98288AA027A66BF30020AEE3 /* _locales */; };
		98288AA327A66BF30020AEE3 /* images in Resources */ = {isa = PBXBuildFile; fileRef = 98288AA227A66BF30020AEE3 /* images */; };
		98288AA527A66BF30020AEE3 /* manifest.json in Resources */ = {isa = PBXBuildFile; fileRef = 98288AA427A66BF30020AEE3 /* manifest.json */; };
		98288AA727A66BF30020AEE3 /* background.js in Resources */ = {isa = PBXBuildFile; fileRef = 98288AA627A66BF30020AEE3 /* background.js */; };
		98288AA927A66BF30020AEE3 /* content.js in Resources */ = {isa = PBXBuildFile; fileRef = 98288AA827A66BF30020AEE3 /* content.js */; };
		98288AAB27A66BF30020AEE3 /* popup.html in Resources */ = {isa = PBXBuildFile; fileRef = 98288AAA27A66BF30020AEE3 /* popup.html */; };
		98288AAD27A66BF30020AEE3 /* popup.css in Resources */ = {isa = PBXBuildFile; fileRef = 98288AAC27A66BF30020AEE3 /* popup.css */; };
		98288AAF27A66BF30020AEE3 /* popup.js in Resources */ = {isa = PBXBuildFile; fileRef = 98288AAE27A66BF30020AEE3 /* popup.js */; };
		98288AB127A66BF30020AEE3 /* Assets.xcassets in Resources */ = {isa = PBXBuildFile; fileRef = 98288A9227A66BF30020AEE3 /* Assets.xcassets */; };
/* End PBXBuildFile section */

/* Begin PBXContainerItemProxy section */
		98288A9A27A66BF30020AEE3 /* PBXContainerItemProxy */ = {
			isa = PBXContainerItemProxy;
			containerPortal = 98288A7327A66BF10020AEE3 /* Project object */;
			proxyType = 1;
			remoteGlobalIDString = 98288A9727A66BF30020AEE3;
			remoteInfo = "Peach-Blossom_Source_Mobile Extension";
		};
/* End PBXContainerItemProxy section */

/* Begin PBXCopyFilesBuildPhase section */
		98288AB727A66BF30020AEE3 /* Embed App Extensions */ = {
			isa = PBXCopyFilesBuildPhase;
			buildActionMask = 2147483647;
			dstPath = "";
			dstSubfolderSpec = 13;
			files = (
				98288A9927A66BF30020AEE3 /* Peach-Blossom_Source_Mobile Extension.appex in Embed App Extensions */,
			);
			name = "Embed App Extensions";
			runOnlyForDeploymentPostprocessing = 0;
		};
/* End PBXCopyFilesBuildPhase section */

/* Begin PBXFileReference section */
		9827E07527A6C44000705731 /* zhihu_hot.js */ = {isa = PBXFileReference; lastKnownFileType = sourcecode.javascript; path = zhihu_hot.js; sourceTree = "<group>"; };
		98288A7B27A66BF10020AEE3 /* Peach-Blossom_Source_Mobile.app */ = {isa = PBXFileReference; explicitFileType = wrapper.application; includeInIndex = 0; path = "Peach-Blossom_Source_Mobile.app"; sourceTree = BUILT_PRODUCTS_DIR; };
		98288A7E27A66BF10020AEE3 /* AppDelegate.swift */ = {isa = PBXFileReference; lastKnownFileType = sourcecode.swift; path = AppDelegate.swift; sourceTree = "<group>"; };
		98288A8227A66BF10020AEE3 /* Base */ = {isa = PBXFileReference; lastKnownFileType = text.html; name = Base; path = ../Base.lproj/Main.html; sourceTree = "<group>"; };
		98288A8427A66BF10020AEE3 /* Icon.png */ = {isa = PBXFileReference; lastKnownFileType = image.png; path = Icon.png; sourceTree = "<group>"; };
		98288A8627A66BF10020AEE3 /* Style.css */ = {isa = PBXFileReference; lastKnownFileType = text.css; path = Style.css; sourceTree = "<group>"; };
		98288A8827A66BF10020AEE3 /* SceneDelegate.swift */ = {isa = PBXFileReference; lastKnownFileType = sourcecode.swift; path = SceneDelegate.swift; sourceTree = "<group>"; };
		98288A8A27A66BF10020AEE3 /* ViewController.swift */ = {isa = PBXFileReference; lastKnownFileType = sourcecode.swift; path = ViewController.swift; sourceTree = "<group>"; };
		98288A8D27A66BF10020AEE3 /* Base */ = {isa = PBXFileReference; lastKnownFileType = file.storyboard; name = Base; path = Base.lproj/LaunchScreen.storyboard; sourceTree = "<group>"; };
		98288A9027A66BF10020AEE3 /* Base */ = {isa = PBXFileReference; lastKnownFileType = file.storyboard; name = Base; path = Base.lproj/Main.storyboard; sourceTree = "<group>"; };
		98288A9227A66BF30020AEE3 /* Assets.xcassets */ = {isa = PBXFileReference; lastKnownFileType = folder.assetcatalog; path = Assets.xcassets; sourceTree = "<group>"; };
		98288A9327A66BF30020AEE3 /* Info.plist */ = {isa = PBXFileReference; lastKnownFileType = text.plist.xml; path = Info.plist; sourceTree = "<group>"; };
		98288A9827A66BF30020AEE3 /* Peach-Blossom_Source_Mobile Extension.appex */ = {isa = PBXFileReference; explicitFileType = "wrapper.app-extension"; includeInIndex = 0; path = "Peach-Blossom_Source_Mobile Extension.appex"; sourceTree = BUILT_PRODUCTS_DIR; };
		98288A9D27A66BF30020AEE3 /* SafariWebExtensionHandler.swift */ = {isa = PBXFileReference; lastKnownFileType = sourcecode.swift; path = SafariWebExtensionHandler.swift; sourceTree = "<group>"; };
		98288AA027A66BF30020AEE3 /* _locales */ = {isa = PBXFileReference; lastKnownFileType = folder; path = _locales; sourceTree = "<group>"; };
		98288AA227A66BF30020AEE3 /* images */ = {isa = PBXFileReference; lastKnownFileType = folder; path = images; sourceTree = "<group>"; };
		98288AA427A66BF30020AEE3 /* manifest.json */ = {isa = PBXFileReference; lastKnownFileType = text.json; path = manifest.json; sourceTree = "<group>"; };
		98288AA627A66BF30020AEE3 /* background.js */ = {isa = PBXFileReference; lastKnownFileType = sourcecode.javascript; path = background.js; sourceTree = "<group>"; };
		98288AA827A66BF30020AEE3 /* content.js */ = {isa = PBXFileReference; lastKnownFileType = sourcecode.javascript; path = content.js; sourceTree = "<group>"; };
		98288AAA27A66BF30020AEE3 /* popup.html */ = {isa = PBXFileReference; lastKnownFileType = text.html; path = popup.html; sourceTree = "<group>"; };
		98288AAC27A66BF30020AEE3 /* popup.css */ = {isa = PBXFileReference; lastKnownFileType = text.css; path = popup.css; sourceTree = "<group>"; };
		98288AAE27A66BF30020AEE3 /* popup.js */ = {isa = PBXFileReference; lastKnownFileType = sourcecode.javascript; path = popup.js; sourceTree = "<group>"; };
		98288AB027A66BF30020AEE3 /* Info.plist */ = {isa = PBXFileReference; lastKnownFileType = text.plist.xml; path = Info.plist; sourceTree = "<group>"; };
/* End PBXFileReference section */

/* Begin PBXFrameworksBuildPhase section */
		98288A7827A66BF10020AEE3 /* Frameworks */ = {
			isa = PBXFrameworksBuildPhase;
			buildActionMask = 2147483647;
			files = (
			);
			runOnlyForDeploymentPostprocessing = 0;
		};
		98288A9527A66BF30020AEE3 /* Frameworks */ = {
			isa = PBXFrameworksBuildPhase;
			buildActionMask = 2147483647;
			files = (
			);
			runOnlyForDeploymentPostprocessing = 0;
		};
/* End PBXFrameworksBuildPhase section */

/* Begin PBXGroup section */
		98288A7227A66BF10020AEE3 = {
			isa = PBXGroup;
			children = (
				98288A7D27A66BF10020AEE3 /* Peach-Blossom_Source_Mobile */,
				98288A9C27A66BF30020AEE3 /* Peach-Blossom_Source_Mobile Extension */,
				98288A7C27A66BF10020AEE3 /* Products */,
			);
			sourceTree = "<group>";
		};
		98288A7C27A66BF10020AEE3 /* Products */ = {
			isa = PBXGroup;
			children = (
				98288A7B27A66BF10020AEE3 /* Peach-Blossom_Source_Mobile.app */,
				98288A9827A66BF30020AEE3 /* Peach-Blossom_Source_Mobile Extension.appex */,
			);
			name = Products;
			sourceTree = "<group>";
		};
		98288A7D27A66BF10020AEE3 /* Peach-Blossom_Source_Mobile */ = {
			isa = PBXGroup;
			children = (
				98288A7E27A66BF10020AEE3 /* AppDelegate.swift */,
				98288A8827A66BF10020AEE3 /* SceneDelegate.swift */,
				98288A8A27A66BF10020AEE3 /* ViewController.swift */,
				98288A8C27A66BF10020AEE3 /* LaunchScreen.storyboard */,
				98288A8F27A66BF10020AEE3 /* Main.storyboard */,
				98288A9227A66BF30020AEE3 /* Assets.xcassets */,
				98288A9327A66BF30020AEE3 /* Info.plist */,
				98288A8027A66BF10020AEE3 /* Resources */,
			);
			path = "Peach-Blossom_Source_Mobile";
			sourceTree = "<group>";
		};
		98288A8027A66BF10020AEE3 /* Resources */ = {
			isa = PBXGroup;
			children = (
				98288A8127A66BF10020AEE3 /* Main.html */,
				98288A8427A66BF10020AEE3 /* Icon.png */,
				98288A8627A66BF10020AEE3 /* Style.css */,
			);
			path = Resources;
			sourceTree = "<group>";
		};
		98288A9C27A66BF30020AEE3 /* Peach-Blossom_Source_Mobile Extension */ = {
			isa = PBXGroup;
			children = (
				98288A9D27A66BF30020AEE3 /* SafariWebExtensionHandler.swift */,
				98288AB027A66BF30020AEE3 /* Info.plist */,
				98288A9F27A66BF30020AEE3 /* Resources */,
			);
			path = "Peach-Blossom_Source_Mobile Extension";
			sourceTree = "<group>";
		};
		98288A9F27A66BF30020AEE3 /* Resources */ = {
			isa = PBXGroup;
			children = (
				98288AA027A66BF30020AEE3 /* _locales */,
				98288AA227A66BF30020AEE3 /* images */,
				98288AA427A66BF30020AEE3 /* manifest.json */,
				98288AA627A66BF30020AEE3 /* background.js */,
				98288AA827A66BF30020AEE3 /* content.js */,
				98288AAA27A66BF30020AEE3 /* popup.html */,
				98288AAC27A66BF30020AEE3 /* popup.css */,
				98288AAE27A66BF30020AEE3 /* popup.js */,
				9827E07527A6C44000705731 /* zhihu_hot.js */,
			);
			path = Resources;
			sourceTree = "<group>";
		};
/* End PBXGroup section */

/* Begin PBXNativeTarget section */
		98288A7A27A66BF10020AEE3 /* Peach-Blossom_Source_Mobile */ = {
			isa = PBXNativeTarget;
			buildConfigurationList = 98288AB827A66BF30020AEE3 /* Build configuration list for PBXNativeTarget "Peach-Blossom_Source_Mobile" */;
			buildPhases = (
				98288A7727A66BF10020AEE3 /* Sources */,
				98288A7827A66BF10020AEE3 /* Frameworks */,
				98288A7927A66BF10020AEE3 /* Resources */,
				98288AB727A66BF30020AEE3 /* Embed App Extensions */,
			);
			buildRules = (
			);
			dependencies = (
				98288A9B27A66BF30020AEE3 /* PBXTargetDependency */,
			);
			name = "Peach-Blossom_Source_Mobile";
			productName = "Peach-Blossom_Source_Mobile";
			productReference = 98288A7B27A66BF10020AEE3 /* Peach-Blossom_Source_Mobile.app */;
			productType = "com.apple.product-type.application";
		};
		98288A9727A66BF30020AEE3 /* Peach-Blossom_Source_Mobile Extension */ = {
			isa = PBXNativeTarget;
			buildConfigurationList = 98288AB427A66BF30020AEE3 /* Build configuration list for PBXNativeTarget "Peach-Blossom_Source_Mobile Extension" */;
			buildPhases = (
				98288A9427A66BF30020AEE3 /* Sources */,
				98288A9527A66BF30020AEE3 /* Frameworks */,
				98288A9627A66BF30020AEE3 /* Resources */,
			);
			buildRules = (
			);
			dependencies = (
			);
			name = "Peach-Blossom_Source_Mobile Extension";
			productName = "Peach-Blossom_Source_Mobile Extension";
			productReference = 98288A9827A66BF30020AEE3 /* Peach-Blossom_Source_Mobile Extension.appex */;
			productType = "com.apple.product-type.app-extension";
		};
/* End PBXNativeTarget section */

/* Begin PBXProject section */
		98288A7327A66BF10020AEE3 /* Project object */ = {
			isa = PBXProject;
			attributes = {
				BuildIndependentTargetsInParallel = 1;
				LastSwiftUpdateCheck = 1320;
				LastUpgradeCheck = 1320;
				TargetAttributes = {
					98288A7A27A66BF10020AEE3 = {
						CreatedOnToolsVersion = 13.2.1;
					};
					98288A9727A66BF30020AEE3 = {
						CreatedOnToolsVersion = 13.2.1;
					};
				};
			};
			buildConfigurationList = 98288A7627A66BF10020AEE3 /* Build configuration list for PBXProject "Peach-Blossom_Source_Mobile" */;
			compatibilityVersion = "Xcode 13.0";
			developmentRegion = en;
			hasScannedForEncodings = 0;
			knownRegions = (
				en,
				Base,
			);
			mainGroup = 98288A7227A66BF10020AEE3;
			productRefGroup = 98288A7C27A66BF10020AEE3 /* Products */;
			projectDirPath = "";
			projectRoot = "";
			targets = (
				98288A7A27A66BF10020AEE3 /* Peach-Blossom_Source_Mobile */,
				98288A9727A66BF30020AEE3 /* Peach-Blossom_Source_Mobile Extension */,
			);
		};
/* End PBXProject section */

/* Begin PBXResourcesBuildPhase section */
		98288A7927A66BF10020AEE3 /* Resources */ = {
			isa = PBXResourcesBuildPhase;
			buildActionMask = 2147483647;
			files = (
				98288A8527A66BF10020AEE3 /* Icon.png in Resources */,
				98288A9127A66BF10020AEE3 /* Main.storyboard in Resources */,
				98288A8E27A66BF10020AEE3 /* LaunchScreen.storyboard in Resources */,
				98288A8327A66BF10020AEE3 /* Main.html in Resources */,
				98288AB127A66BF30020AEE3 /* Assets.xcassets in Resources */,
				98288A8727A66BF10020AEE3 /* Style.css in Resources */,
			);
			runOnlyForDeploymentPostprocessing = 0;
		};
		98288A9627A66BF30020AEE3 /* Resources */ = {
			isa = PBXResourcesBuildPhase;
			buildActionMask = 2147483647;
			files = (
				98288AA727A66BF30020AEE3 /* background.js in Resources */,
				98288AAD27A66BF30020AEE3 /* popup.css in Resources */,
				98288AAB27A66BF30020AEE3 /* popup.html in Resources */,
				98288AA327A66BF30020AEE3 /* images in Resources */,
				98288AA527A66BF30020AEE3 /* manifest.json in Resources */,
				98288AA127A66BF30020AEE3 /* _locales in Resources */,
				9827E07627A6C44000705731 /* zhihu_hot.js in Resources */,
				98288AA927A66BF30020AEE3 /* content.js in Resources */,
				98288AAF27A66BF30020AEE3 /* popup.js in Resources */,
			);
			runOnlyForDeploymentPostprocessing = 0;
		};
/* End PBXResourcesBuildPhase section */

/* Begin PBXSourcesBuildPhase section */
		98288A7727A66BF10020AEE3 /* Sources */ = {
			isa = PBXSourcesBuildPhase;
			buildActionMask = 2147483647;
			files = (
				98288A8B27A66BF10020AEE3 /* ViewController.swift in Sources */,
				98288A7F27A66BF10020AEE3 /* AppDelegate.swift in Sources */,
				98288A8927A66BF10020AEE3 /* SceneDelegate.swift in Sources */,
			);
			runOnlyForDeploymentPostprocessing = 0;
		};
		98288A9427A66BF30020AEE3 /* Sources */ = {
			isa = PBXSourcesBuildPhase;
			buildActionMask = 2147483647;
			files = (
				98288A9E27A66BF30020AEE3 /* SafariWebExtensionHandler.swift in Sources */,
			);
			runOnlyForDeploymentPostprocessing = 0;
		};
/* End PBXSourcesBuildPhase section */

/* Begin PBXTargetDependency section */
		98288A9B27A66BF30020AEE3 /* PBXTargetDependency */ = {
			isa = PBXTargetDependency;
			target = 98288A9727A66BF30020AEE3 /* Peach-Blossom_Source_Mobile Extension */;
			targetProxy = 98288A9A27A66BF30020AEE3 /* PBXContainerItemProxy */;
		};
/* End PBXTargetDependency section */

/* Begin PBXVariantGroup section */
		98288A8127A66BF10020AEE3 /* Main.html */ = {
			isa = PBXVariantGroup;
			children = (
				98288A8227A66BF10020AEE3 /* Base */,
			);
			name = Main.html;
			sourceTree = "<group>";
		};
		98288A8C27A66BF10020AEE3 /* LaunchScreen.storyboard */ = {
			isa = PBXVariantGroup;
			children = (
				98288A8D27A66BF10020AEE3 /* Base */,
			);
			name = LaunchScreen.storyboard;
			sourceTree = "<group>";
		};
		98288A8F27A66BF10020AEE3 /* Main.storyboard */ = {
			isa = PBXVariantGroup;
			children = (
				98288A9027A66BF10020AEE3 /* Base */,
			);
			name = Main.storyboard;
			sourceTree = "<group>";
		};
/* End PBXVariantGroup section */

/* Begin XCBuildConfiguration section */
		98288AB227A66BF30020AEE3 /* Debug */ = {
			isa = XCBuildConfiguration;
			buildSettings = {
				ALWAYS_SEARCH_USER_PATHS = NO;
				CLANG_ANALYZER_NONNULL = YES;
				CLANG_ANALYZER_NUMBER_OBJECT_CONVERSION = YES_AGGRESSIVE;
				CLANG_CXX_LANGUAGE_STANDARD = "gnu++17";
				CLANG_CXX_LIBRARY = "libc++";
				CLANG_ENABLE_MODULES = YES;
				CLANG_ENABLE_OBJC_ARC = YES;
				CLANG_ENABLE_OBJC_WEAK = YES;
				CLANG_WARN_BLOCK_CAPTURE_AUTORELEASING = YES;
				CLANG_WARN_BOOL_CONVERSION = YES;
				CLANG_WARN_COMMA = YES;
				CLANG_WARN_CONSTANT_CONVERSION = YES;
				CLANG_WARN_DEPRECATED_OBJC_IMPLEMENTATIONS = YES;
				CLANG_WARN_DIRECT_OBJC_ISA_USAGE = YES_ERROR;
				CLANG_WARN_DOCUMENTATION_COMMENTS = YES;
				CLANG_WARN_EMPTY_BODY = YES;
				CLANG_WARN_ENUM_CONVERSION = YES;
				CLANG_WARN_INFINITE_RECURSION = YES;
				CLANG_WARN_INT_CONVERSION = YES;
				CLANG_WARN_NON_LITERAL_NULL_CONVERSION = YES;
				CLANG_WARN_OBJC_IMPLICIT_RETAIN_SELF = YES;
				CLANG_WARN_OBJC_LITERAL_CONVERSION = YES;
				CLANG_WARN_OBJC_ROOT_CLASS = YES_ERROR;
				CLANG_WARN_QUOTED_INCLUDE_IN_FRAMEWORK_HEADER = YES;
				CLANG_WARN_RANGE_LOOP_ANALYSIS = YES;
				CLANG_WARN_STRICT_PROTOTYPES = YES;
				CLANG_WARN_SUSPICIOUS_MOVE = YES;
				CLANG_WARN_UNGUARDED_AVAILABILITY = YES_AGGRESSIVE;
				CLANG_WARN_UNREACHABLE_CODE = YES;
				CLANG_WARN__DUPLICATE_METHOD_MATCH = YES;
				COPY_PHASE_STRIP = NO;
				DEBUG_INFORMATION_FORMAT = dwarf;
				ENABLE_STRICT_OBJC_MSGSEND = YES;
				ENABLE_TESTABILITY = YES;
				GCC_C_LANGUAGE_STANDARD = gnu11;
				GCC_DYNAMIC_NO_PIC = NO;
				GCC_NO_COMMON_BLOCKS = YES;
				GCC_OPTIMIZATION_LEVEL = 0;
				GCC_PREPROCESSOR_DEFINITIONS = (
					"DEBUG=1",
					"$(inherited)",
				);
				GCC_WARN_64_TO_32_BIT_CONVERSION = YES;
				GCC_WARN_ABOUT_RETURN_TYPE = YES_ERROR;
				GCC_WARN_UNDECLARED_SELECTOR = YES;
				GCC_WARN_UNINITIALIZED_AUTOS = YES_AGGRESSIVE;
				GCC_WARN_UNUSED_FUNCTION = YES;
				GCC_WARN_UNUSED_VARIABLE = YES;
				IPHONEOS_DEPLOYMENT_TARGET = 15.2;
				MTL_ENABLE_DEBUG_INFO = INCLUDE_SOURCE;
				MTL_FAST_MATH = YES;
				ONLY_ACTIVE_ARCH = YES;
				SDKROOT = iphoneos;
				SWIFT_ACTIVE_COMPILATION_CONDITIONS = DEBUG;
				SWIFT_OPTIMIZATION_LEVEL = "-Onone";
			};
			name = Debug;
		};
		98288AB327A66BF30020AEE3 /* Release */ = {
			isa = XCBuildConfiguration;
			buildSettings = {
				ALWAYS_SEARCH_USER_PATHS = NO;
				CLANG_ANALYZER_NONNULL = YES;
				CLANG_ANALYZER_NUMBER_OBJECT_CONVERSION = YES_AGGRESSIVE;
				CLANG_CXX_LANGUAGE_STANDARD = "gnu++17";
				CLANG_CXX_LIBRARY = "libc++";
				CLANG_ENABLE_MODULES = YES;
				CLANG_ENABLE_OBJC_ARC = YES;
				CLANG_ENABLE_OBJC_WEAK = YES;
				CLANG_WARN_BLOCK_CAPTURE_AUTORELEASING = YES;
				CLANG_WARN_BOOL_CONVERSION = YES;
				CLANG_WARN_COMMA = YES;
				CLANG_WARN_CONSTANT_CONVERSION = YES;
				CLANG_WARN_DEPRECATED_OBJC_IMPLEMENTATIONS = YES;
				CLANG_WARN_DIRECT_OBJC_ISA_USAGE = YES_ERROR;
				CLANG_WARN_DOCUMENTATION_COMMENTS = YES;
				CLANG_WARN_EMPTY_BODY = YES;
				CLANG_WARN_ENUM_CONVERSION = YES;
				CLANG_WARN_INFINITE_RECURSION = YES;
				CLANG_WARN_INT_CONVERSION = YES;
				CLANG_WARN_NON_LITERAL_NULL_CONVERSION = YES;
				CLANG_WARN_OBJC_IMPLICIT_RETAIN_SELF = YES;
				CLANG_WARN_OBJC_LITERAL_CONVERSION = YES;
				CLANG_WARN_OBJC_ROOT_CLASS = YES_ERROR;
				CLANG_WARN_QUOTED_INCLUDE_IN_FRAMEWORK_HEADER = YES;
				CLANG_WARN_RANGE_LOOP_ANALYSIS = YES;
				CLANG_WARN_STRICT_PROTOTYPES = YES;
				CLANG_WARN_SUSPICIOUS_MOVE = YES;
				CLANG_WARN_UNGUARDED_AVAILABILITY = YES_AGGRESSIVE;
				CLANG_WARN_UNREACHABLE_CODE = YES;
				CLANG_WARN__DUPLICATE_METHOD_MATCH = YES;
				COPY_PHASE_STRIP = NO;
				DEBUG_INFORMATION_FORMAT = "dwarf-with-dsym";
				ENABLE_NS_ASSERTIONS = NO;
				ENABLE_STRICT_OBJC_MSGSEND = YES;
				GCC_C_LANGUAGE_STANDARD = gnu11;
				GCC_NO_COMMON_BLOCKS = YES;
				GCC_WARN_64_TO_32_BIT_CONVERSION = YES;
				GCC_WARN_ABOUT_RETURN_TYPE = YES_ERROR;
				GCC_WARN_UNDECLARED_SELECTOR = YES;
				GCC_WARN_UNINITIALIZED_AUTOS = YES_AGGRESSIVE;
				GCC_WARN_UNUSED_FUNCTION = YES;
				GCC_WARN_UNUSED_VARIABLE = YES;
				IPHONEOS_DEPLOYMENT_TARGET = 15.2;
				MTL_ENABLE_DEBUG_INFO = NO;
				MTL_FAST_MATH = YES;
				SDKROOT = iphoneos;
				SWIFT_COMPILATION_MODE = wholemodule;
				SWIFT_OPTIMIZATION_LEVEL = "-O";
				VALIDATE_PRODUCT = YES;
			};
			name = Release;
		};
		98288AB527A66BF30020AEE3 /* Debug */ = {
			isa = XCBuildConfiguration;
			buildSettings = {
				CODE_SIGN_STYLE = Automatic;
				CURRENT_PROJECT_VERSION = 1;
				DEVELOPMENT_TEAM = Q46Y7539NV;
				GENERATE_INFOPLIST_FILE = YES;
				INFOPLIST_FILE = "Peach-Blossom_Source_Mobile Extension/Info.plist";
				INFOPLIST_KEY_CFBundleDisplayName = "Peach-Blossom_Source_Mobile Extension";
				INFOPLIST_KEY_NSHumanReadableCopyright = "";
				IPHONEOS_DEPLOYMENT_TARGET = 15.0;
				LD_RUNPATH_SEARCH_PATHS = (
					"$(inherited)",
					"@executable_path/Frameworks",
					"@executable_path/../../Frameworks",
				);
				MARKETING_VERSION = 1.0;
				OTHER_LDFLAGS = (
					"-framework",
					SafariServices,
				);
				PRODUCT_BUNDLE_IDENTIFIER = "com.mondo.Peach-Blossom-Source-Mobile.Extension";
				PRODUCT_NAME = "$(TARGET_NAME)";
				SKIP_INSTALL = YES;
				SWIFT_EMIT_LOC_STRINGS = YES;
				SWIFT_VERSION = 5.0;
				TARGETED_DEVICE_FAMILY = "1,2";
			};
			name = Debug;
		};
		98288AB627A66BF30020AEE3 /* Release */ = {
			isa = XCBuildConfiguration;
			buildSettings = {
				CODE_SIGN_STYLE = Automatic;
				CURRENT_PROJECT_VERSION = 1;
				DEVELOPMENT_TEAM = Q46Y7539NV;
				GENERATE_INFOPLIST_FILE = YES;
				INFOPLIST_FILE = "Peach-Blossom_Source_Mobile Extension/Info.plist";
				INFOPLIST_KEY_CFBundleDisplayName = "Peach-Blossom_Source_Mobile Extension";
				INFOPLIST_KEY_NSHumanReadableCopyright = "";
				IPHONEOS_DEPLOYMENT_TARGET = 15.0;
				LD_RUNPATH_SEARCH_PATHS = (
					"$(inherited)",
					"@executable_path/Frameworks",
					"@executable_path/../../Frameworks",
				);
				MARKETING_VERSION = 1.0;
				OTHER_LDFLAGS = (
					"-framework",
					SafariServices,
				);
				PRODUCT_BUNDLE_IDENTIFIER = "com.mondo.Peach-Blossom-Source-Mobile.Extension";
				PRODUCT_NAME = "$(TARGET_NAME)";
				SKIP_INSTALL = YES;
				SWIFT_EMIT_LOC_STRINGS = YES;
				SWIFT_VERSION = 5.0;
				TARGETED_DEVICE_FAMILY = "1,2";
			};
			name = Release;
		};
		98288AB927A66BF30020AEE3 /* Debug */ = {
			isa = XCBuildConfiguration;
			buildSettings = {
				ALWAYS_EMBED_SWIFT_STANDARD_LIBRARIES = YES;
				ASSETCATALOG_COMPILER_APPICON_NAME = AppIcon;
				ASSETCATALOG_COMPILER_GLOBAL_ACCENT_COLOR_NAME = AccentColor;
				CODE_SIGN_STYLE = Automatic;
				CURRENT_PROJECT_VERSION = 1;
				DEVELOPMENT_TEAM = Q46Y7539NV;
				GENERATE_INFOPLIST_FILE = YES;
				INFOPLIST_FILE = "Peach-Blossom_Source_Mobile/Info.plist";
				INFOPLIST_KEY_CFBundleDisplayName = "Peach-Blossom_Source_Mobile";
				INFOPLIST_KEY_UIApplicationSupportsIndirectInputEvents = YES;
				INFOPLIST_KEY_UILaunchStoryboardName = LaunchScreen;
				INFOPLIST_KEY_UIMainStoryboardFile = Main;
				INFOPLIST_KEY_UISupportedInterfaceOrientations_iPad = "UIInterfaceOrientationPortrait UIInterfaceOrientationPortraitUpsideDown UIInterfaceOrientationLandscapeLeft UIInterfaceOrientationLandscapeRight";
				INFOPLIST_KEY_UISupportedInterfaceOrientations_iPhone = "UIInterfaceOrientationPortrait UIInterfaceOrientationLandscapeLeft UIInterfaceOrientationLandscapeRight";
				IPHONEOS_DEPLOYMENT_TARGET = 15.0;
				LD_RUNPATH_SEARCH_PATHS = (
					"$(inherited)",
					"@executable_path/Frameworks",
				);
				MARKETING_VERSION = 1.0;
				OTHER_LDFLAGS = (
					"-framework",
					SafariServices,
					"-framework",
					WebKit,
				);
				PRODUCT_BUNDLE_IDENTIFIER = "com.mondo.Peach-Blossom-Source-Mobile";
				PRODUCT_NAME = "$(TARGET_NAME)";
				SWIFT_EMIT_LOC_STRINGS = YES;
				SWIFT_VERSION = 5.0;
				TARGETED_DEVICE_FAMILY = "1,2";
			};
			name = Debug;
		};
		98288ABA27A66BF30020AEE3 /* Release */ = {
			isa = XCBuildConfiguration;
			buildSettings = {
				ALWAYS_EMBED_SWIFT_STANDARD_LIBRARIES = YES;
				ASSETCATALOG_COMPILER_APPICON_NAME = AppIcon;
				ASSETCATALOG_COMPILER_GLOBAL_ACCENT_COLOR_NAME = AccentColor;
				CODE_SIGN_STYLE = Automatic;
				CURRENT_PROJECT_VERSION = 1;
				DEVELOPMENT_TEAM = Q46Y7539NV;
				GENERATE_INFOPLIST_FILE = YES;
				INFOPLIST_FILE = "Peach-Blossom_Source_Mobile/Info.plist";
				INFOPLIST_KEY_CFBundleDisplayName = "Peach-Blossom_Source_Mobile";
				INFOPLIST_KEY_UIApplicationSupportsIndirectInputEvents = YES;
				INFOPLIST_KEY_UILaunchStoryboardName = LaunchScreen;
				INFOPLIST_KEY_UIMainStoryboardFile = Main;
				INFOPLIST_KEY_UISupportedInterfaceOrientations_iPad = "UIInterfaceOrientationPortrait UIInterfaceOrientationPortraitUpsideDown UIInterfaceOrientationLandscapeLeft UIInterfaceOrientationLandscapeRight";
				INFOPLIST_KEY_UISupportedInterfaceOrientations_iPhone = "UIInterfaceOrientationPortrait UIInterfaceOrientationLandscapeLeft UIInterfaceOrientationLandscapeRight";
				IPHONEOS_DEPLOYMENT_TARGET = 15.0;
				LD_RUNPATH_SEARCH_PATHS = (
					"$(inherited)",
					"@executable_path/Frameworks",
				);
				MARKETING_VERSION = 1.0;
				OTHER_LDFLAGS = (
					"-framework",
					SafariServices,
					"-framework",
					WebKit,
				);
				PRODUCT_BUNDLE_IDENTIFIER = "com.mondo.Peach-Blossom-Source-Mobile";
				PRODUCT_NAME = "$(TARGET_NAME)";
				SWIFT_EMIT_LOC_STRINGS = YES;
				SWIFT_VERSION = 5.0;
				TARGETED_DEVICE_FAMILY = "1,2";
			};
			name = Release;
		};
/* End XCBuildConfiguration section */

/* Begin XCConfigurationList section */
		98288A7627A66BF10020AEE3 /* Build configuration list for PBXProject "Peach-Blossom_Source_Mobile" */ = {
			isa = XCConfigurationList;
			buildConfigurations = (
				98288AB227A66BF30020AEE3 /* Debug */,
				98288AB327A66BF30020AEE3 /* Release */,
			);
			defaultConfigurationIsVisible = 0;
			defaultConfigurationName = Release;
		};
		98288AB427A66BF30020AEE3 /* Build configuration list for PBXNativeTarget "Peach-Blossom_Source_Mobile Extension" */ = {
			isa = XCConfigurationList;
			buildConfigurations = (
				98288AB527A66BF30020AEE3 /* Debug */,
				98288AB627A66BF30020AEE3 /* Release */,
			);
			defaultConfigurationIsVisible = 0;
			defaultConfigurationName = Release;
		};
		98288AB827A66BF30020AEE3 /* Build configuration list for PBXNativeTarget "Peach-Blossom_Source_Mobile" */ = {
			isa = XCConfigurationList;
			buildConfigurations = (
				98288AB927A66BF30020AEE3 /* Debug */,
				98288ABA27A66BF30020AEE3 /* Release */,
			);
			defaultConfigurationIsVisible = 0;
			defaultConfigurationName = Release;
		};
/* End XCConfigurationList section */
	};
	rootObject = 98288A7327A66BF10020AEE3 /* Project object */;
}
